
Microsoft Visual Studio Solution File, Format Version 12.00
# Visual Studio Version 17
VisualStudioVersion = 17.3.32804.467
MinimumVisualStudioVersion = 10.0.40219.1
Project("{9A19103F-16F7-4668-BE54-9A1E7A4F7556}") = "OregonCardGame", "OregonCardGame\OregonCardGame.csproj", "{9118CF82-CBCC-4BCB-A19C-63F8FF94CDEE}"
EndProject
Project("{9A19103F-16F7-4668-BE54-9A1E7A4F7556}") = "OregonCardGameCL", "OregonCardGameCL\OregonCardGameCL.csproj", "{F1823BB7-BA49-4F90-9D25-DE715A9E1BA4}"
EndProject
Project("{9A19103F-16F7-4668-BE54-9A1E7A4F7556}") = "OregonCardGameTests", "OregonCardGameTests\OregonCardGameTests.csproj", "{C67A8A01-DBA5-43DD-979B-E1977C3EC8E9}"
EndProject
Project("{9A19103F-16F7-4668-BE54-9A1E7A4F7556}") = "OregonCardGameWindowsApp", "OregonCardGameWindowsApp\OregonCardGameWindowsApp.csproj", "{F939039F-D285-4888-B2C0-D9965793425C}"
EndProject
Global
	GlobalSection(SolutionConfigurationPlatforms) = preSolution
		Debug|Any CPU = Debug|Any CPU
		Release|Any CPU = Release|Any CPU
	EndGlobalSection
	GlobalSection(ProjectConfigurationPlatforms) = postSolution
		{9118CF82-CBCC-4BCB-A19C-63F8FF94CDEE}.Debug|Any CPU.ActiveCfg = Debug|Any CPU
		{9118CF82-CBCC-4BCB-A19C-63F8FF94CDEE}.Debug|Any CPU.Build.0 = Debug|Any CPU
		{9118CF82-CBCC-4BCB-A19C-63F8FF94CDEE}.Release|Any CPU.ActiveCfg = Release|Any CPU
		{9118CF82-CBCC-4BCB-A19C-63F8FF94CDEE}.Release|Any CPU.Build.0 = Release|Any CPU
		{F1823BB7-BA49-4F90-9D25-DE715A9E1BA4}.Debug|Any CPU.ActiveCfg = Debug|Any CPU
		{F1823BB7-BA49-4F90-9D25-DE715A9E1BA4}.Debug|Any CPU.Build.0 = Debug|Any CPU
		{F1823BB7-BA49-4F90-9D25-DE715A9E1BA4}.Release|Any CPU.ActiveCfg = Release|Any CPU
		{F1823BB7-BA49-4F90-9D25-DE715A9E1BA4}.Release|Any CPU.Build.0 = Release|Any CPU
		{C67A8A01-DBA5-43DD-979B-E1977C3EC8E9}.Debug|Any CPU.ActiveCfg = Debug|Any CPU
		{C67A8A01-DBA5-43DD-979B-E1977C3EC8E9}.Debug|Any CPU.Build.0 = Debug|Any CPU
		{C67A8A01-DBA5-43DD-979B-E1977C3EC8E9}.Release|Any CPU.ActiveCfg = Release|Any CPU
		{C67A8A01-DBA5-43DD-979B-E1977C3EC8E9}.Release|Any CPU.Build.0 = Release|Any CPU
		{F939039F-D285-4888-B2C0-D9965793425C}.Debug|Any CPU.ActiveCfg = Debug|Any CPU
		{F939039F-D285-4888-B2C0-D9965793425C}.Debug|Any CPU.Build.0 = Debug|Any CPU
		{F939039F-D285-4888-B2C0-D9965793425C}.Release|Any CPU.ActiveCfg = Release|Any CPU
		{F939039F-D285-4888-B2C0-D9965793425C}.Release|Any CPU.Build.0 = Release|Any CPU
	EndGlobalSection
	GlobalSection(SolutionProperties) = preSolution
		HideSolutionNode = FALSE
	EndGlobalSection
	GlobalSection(ExtensibilityGlobals) = postSolution
		SolutionGuid = {7A63C397-D7CA-4440-A0EF-1B4788D02AB8}
	EndGlobalSection
EndGlobal
